
Microsoft Visual Studio Solution File, Format Version 12.00
# Visual Studio Version 16
VisualStudioVersion = 16.0.809.1
MinimumVisualStudioVersion = 10.0.40219.1
Project("{FAE04EC0-301F-11D3-BF4B-00C04F79EFBC}") = "Hello", "Hello\Hello.csproj", "{95745183-AF05-4E9A-BAD5-6F6284CA628B}"
EndProject
Global
	GlobalSection(SolutionConfigurationPlatforms) = preSolution
		Debug|Any CPU = Debug|Any CPU
		Release|Any CPU = Release|Any CPU
	EndGlobalSection
	GlobalSection(ProjectConfigurationPlatforms) = postSolution
		{95745183-AF05-4E9A-BAD5-6F6284CA628B}.Debug|Any CPU.ActiveCfg = Debug|Any CPU
		{95745183-AF05-4E9A-BAD5-6F6284CA628B}.Debug|Any CPU.Build.0 = Debug|Any CPU
		{95745183-AF05-4E9A-BAD5-6F6284CA628B}.Release|Any CPU.ActiveCfg = Release|Any CPU
		{95745183-AF05-4E9A-BAD5-6F6284CA628B}.Release|Any CPU.Build.0 = Release|Any CPU
	EndGlobalSection
	GlobalSection(SolutionProperties) = preSolution
		HideSolutionNode = FALSE
	EndGlobalSection
	GlobalSection(ExtensibilityGlobals) = postSolution
		SolutionGuid = {509BBA0D-0B83-41C8-8DD1-6C68D6927036}
	EndGlobalSection
EndGlobal
